
Microsoft Visual Studio Solution File, Format Version 12.00
# Visual Studio Version 17
VisualStudioVersion = 17.5.002.0
MinimumVisualStudioVersion = 10.0.40219.1
Project("{9A19103F-16F7-4668-BE54-9A1E7A4F7556}") = "SimulacroCSharp.Mvc", "SimulacroCSharp.Mvc.csproj", "{8397A4D7-6A26-457F-9697-CA090C1D9E56}"
EndProject
Global
	GlobalSection(SolutionConfigurationPlatforms) = preSolution
		Debug|Any CPU = Debug|Any CPU
		Release|Any CPU = Release|Any CPU
	EndGlobalSection
	GlobalSection(ProjectConfigurationPlatforms) = postSolution
		{8397A4D7-6A26-457F-9697-CA090C1D9E56}.Debug|Any CPU.ActiveCfg = Debug|Any CPU
		{8397A4D7-6A26-457F-9697-CA090C1D9E56}.Debug|Any CPU.Build.0 = Debug|Any CPU
		{8397A4D7-6A26-457F-9697-CA090C1D9E56}.Release|Any CPU.ActiveCfg = Release|Any CPU
		{8397A4D7-6A26-457F-9697-CA090C1D9E56}.Release|Any CPU.Build.0 = Release|Any CPU
	EndGlobalSection
	GlobalSection(SolutionProperties) = preSolution
		HideSolutionNode = FALSE
	EndGlobalSection
	GlobalSection(ExtensibilityGlobals) = postSolution
		SolutionGuid = {DAE9BA61-FFB2-4901-8C53-C4A0E6197F33}
	EndGlobalSection
EndGlobal
